
Microsoft Visual Studio Solution File, Format Version 12.00
# Visual Studio Version 17
VisualStudioVersion = 17.1.32319.34
MinimumVisualStudioVersion = 10.0.40219.1
Project("{FAE04EC0-301F-11D3-BF4B-00C04F79EFBC}") = "Programowanie2_Projekt1", "Programowanie2_Projekt1\Programowanie2_Projekt1.csproj", "{7DB5A92E-684B-4385-B832-4575EEB4C65A}"
EndProject
Global
	GlobalSection(SolutionConfigurationPlatforms) = preSolution
		Debug|Any CPU = Debug|Any CPU
		Release|Any CPU = Release|Any CPU
	EndGlobalSection
	GlobalSection(ProjectConfigurationPlatforms) = postSolution
		{7DB5A92E-684B-4385-B832-4575EEB4C65A}.Debug|Any CPU.ActiveCfg = Debug|Any CPU
		{7DB5A92E-684B-4385-B832-4575EEB4C65A}.Debug|Any CPU.Build.0 = Debug|Any CPU
		{7DB5A92E-684B-4385-B832-4575EEB4C65A}.Release|Any CPU.ActiveCfg = Release|Any CPU
		{7DB5A92E-684B-4385-B832-4575EEB4C65A}.Release|Any CPU.Build.0 = Release|Any CPU
	EndGlobalSection
	GlobalSection(SolutionProperties) = preSolution
		HideSolutionNode = FALSE
	EndGlobalSection
	GlobalSection(ExtensibilityGlobals) = postSolution
		SolutionGuid = {BD8C496A-4E8C-4ADD-8C1F-B9B80FD8FABC}
	EndGlobalSection
EndGlobal
